{
  "name": "coinbase-transaction-gainloss-report",
  "version": "1.0.7",
  "lockfileVersion": 2,
  "requires": true,
  "packages": {
    "": {
      "version": "1.0.7",
      "license": "Apache-2.0",
      "dependencies": {
        "crypto-price": "^0.0.6",
        "csv-parse": "^4.16.0"
      },
      "engines": {
        "node": ">=14.0.0"
      }
    },
    "node_modules/crypto-price": {
      "version": "0.0.6",
      "resolved": "https://registry.npmjs.org/crypto-price/-/crypto-price-0.0.6.tgz",
      "integrity": "sha512-GQFAnyUxS/NsEB9NyqNIvFn3to/bJR3BtNBK3+qNUL6EHUd1UM3z3wo83SaABpgjj2RTpSheRIXtUWwTsJqmig==",
      "dependencies": {
        "node-fetch": "^2.1.2"
      }
    },
    "node_modules/csv-parse": {
      "version": "4.16.0",
      "resolved": "https://registry.npmjs.org/csv-parse/-/csv-parse-4.16.0.tgz",
      "integrity": "sha512-Zb4tGPANH4SW0LgC9+s9Mnequs9aqn7N3/pCqNbVjs2XhEF6yWNU2Vm4OGl1v2Go9nw8rXt87Cm2QN/o6Vpqgg=="
    },
    "node_modules/node-fetch": {
      "version": "2.6.1",
      "resolved": "https://registry.npmjs.org/node-fetch/-/node-fetch-2.6.1.tgz",
      "integrity": "sha512-V4aYg89jEoVRxRb2fJdAg8FHvI7cEyYdVAh94HH0UIK8oJxUfkjlDQN9RbMx+bEjP7+ggMiFRprSti032Oipxw=="
    }
  },
  "dependencies": {
    "crypto-price": {
      "version": "0.0.6",
      "resolved": "https://registry.npmjs.org/crypto-price/-/crypto-price-0.0.6.tgz",
      "integrity": "sha512-GQFAnyUxS/NsEB9NyqNIvFn3to/bJR3BtNBK3+qNUL6EHUd1UM3z3wo83SaABpgjj2RTpSheRIXtUWwTsJqmig==",
      "requires": {
        "node-fetch": "^2.1.2"
      }
    },
    "csv-parse": {
      "version": "4.16.0",
      "resolved": "https://registry.npmjs.org/csv-parse/-/csv-parse-4.16.0.tgz",
      "integrity": "sha512-Zb4tGPANH4SW0LgC9+s9Mnequs9aqn7N3/pCqNbVjs2XhEF6yWNU2Vm4OGl1v2Go9nw8rXt87Cm2QN/o6Vpqgg=="
    },
    "node-fetch": {
      "version": "2.6.1",
      "resolved": "https://registry.npmjs.org/node-fetch/-/node-fetch-2.6.1.tgz",
      "integrity": "sha512-V4aYg89jEoVRxRb2fJdAg8FHvI7cEyYdVAh94HH0UIK8oJxUfkjlDQN9RbMx+bEjP7+ggMiFRprSti032Oipxw=="
    }
  }
}
